
Microsoft Visual Studio Solution File, Format Version 12.00
# Visual Studio 15
VisualStudioVersion = 15.0.28307.489
MinimumVisualStudioVersion = 10.0.40219.1
Project("{FAE04EC0-301F-11D3-BF4B-00C04F79EFBC}") = "ExemploHeranca", "ExemploHeranca\ExemploHeranca.csproj", "{FCAC75CE-B415-4FEA-91CC-786DD7531F9B}"
EndProject
Global
	GlobalSection(SolutionConfigurationPlatforms) = preSolution
		Debug|Any CPU = Debug|Any CPU
		Release|Any CPU = Release|Any CPU
	EndGlobalSection
	GlobalSection(ProjectConfigurationPlatforms) = postSolution
		{FCAC75CE-B415-4FEA-91CC-786DD7531F9B}.Debug|Any CPU.ActiveCfg = Debug|Any CPU
		{FCAC75CE-B415-4FEA-91CC-786DD7531F9B}.Debug|Any CPU.Build.0 = Debug|Any CPU
		{FCAC75CE-B415-4FEA-91CC-786DD7531F9B}.Release|Any CPU.ActiveCfg = Release|Any CPU
		{FCAC75CE-B415-4FEA-91CC-786DD7531F9B}.Release|Any CPU.Build.0 = Release|Any CPU
	EndGlobalSection
	GlobalSection(SolutionProperties) = preSolution
		HideSolutionNode = FALSE
	EndGlobalSection
	GlobalSection(ExtensibilityGlobals) = postSolution
		SolutionGuid = {8AEF4D56-D5A2-46BC-9CDF-EEF6E43EE492}
	EndGlobalSection
EndGlobal
