
Microsoft Visual Studio Solution File, Format Version 12.00
# Visual Studio 15
VisualStudioVersion = 15.0.28307.329
MinimumVisualStudioVersion = 10.0.40219.1
Project("{FAE04EC0-301F-11D3-BF4B-00C04F79EFBC}") = "Forca", "Forca\Forca.csproj", "{15878F8C-79ED-40F9-A16B-EA7D95E37902}"
EndProject
Global
	GlobalSection(SolutionConfigurationPlatforms) = preSolution
		Debug|Any CPU = Debug|Any CPU
		Release|Any CPU = Release|Any CPU
	EndGlobalSection
	GlobalSection(ProjectConfigurationPlatforms) = postSolution
		{15878F8C-79ED-40F9-A16B-EA7D95E37902}.Debug|Any CPU.ActiveCfg = Debug|Any CPU
		{15878F8C-79ED-40F9-A16B-EA7D95E37902}.Debug|Any CPU.Build.0 = Debug|Any CPU
		{15878F8C-79ED-40F9-A16B-EA7D95E37902}.Release|Any CPU.ActiveCfg = Release|Any CPU
		{15878F8C-79ED-40F9-A16B-EA7D95E37902}.Release|Any CPU.Build.0 = Release|Any CPU
	EndGlobalSection
	GlobalSection(SolutionProperties) = preSolution
		HideSolutionNode = FALSE
	EndGlobalSection
	GlobalSection(ExtensibilityGlobals) = postSolution
		SolutionGuid = {34BC179D-1D05-4F4D-97EE-6CAC242B6898}
	EndGlobalSection
EndGlobal
